
Microsoft Visual Studio Solution File, Format Version 12.00
# Visual Studio 15
VisualStudioVersion = 15.0.28307.102
MinimumVisualStudioVersion = 10.0.40219.1
Project("{FAE04EC0-301F-11D3-BF4B-00C04F79EFBC}") = "ToyStore", "WebApplication1\ToyStore.csproj", "{AA15E356-3D10-43DC-A101-8CCD1BE364F7}"
EndProject
Project("{FAE04EC0-301F-11D3-BF4B-00C04F79EFBC}") = "ProjectToyStore.Data", "ProjectToyStore.Data\ProjectToyStore.Data.csproj", "{13F46E0A-A968-44F7-93A3-7C79FD1B2E2C}"
EndProject
Project("{FAE04EC0-301F-11D3-BF4B-00C04F79EFBC}") = "ProjectToyStore.Servise", "ProjectToyStore.Servise\ProjectToyStore.Servise.csproj", "{7AF2A660-8FBD-41F5-A2CF-5269879A1990}"
EndProject
Global
	GlobalSection(SolutionConfigurationPlatforms) = preSolution
		Debug|Any CPU = Debug|Any CPU
		Release|Any CPU = Release|Any CPU
	EndGlobalSection
	GlobalSection(ProjectConfigurationPlatforms) = postSolution
		{AA15E356-3D10-43DC-A101-8CCD1BE364F7}.Debug|Any CPU.ActiveCfg = Debug|Any CPU
		{AA15E356-3D10-43DC-A101-8CCD1BE364F7}.Debug|Any CPU.Build.0 = Debug|Any CPU
		{AA15E356-3D10-43DC-A101-8CCD1BE364F7}.Release|Any CPU.ActiveCfg = Release|Any CPU
		{AA15E356-3D10-43DC-A101-8CCD1BE364F7}.Release|Any CPU.Build.0 = Release|Any CPU
		{13F46E0A-A968-44F7-93A3-7C79FD1B2E2C}.Debug|Any CPU.ActiveCfg = Debug|Any CPU
		{13F46E0A-A968-44F7-93A3-7C79FD1B2E2C}.Debug|Any CPU.Build.0 = Debug|Any CPU
		{13F46E0A-A968-44F7-93A3-7C79FD1B2E2C}.Release|Any CPU.ActiveCfg = Release|Any CPU
		{13F46E0A-A968-44F7-93A3-7C79FD1B2E2C}.Release|Any CPU.Build.0 = Release|Any CPU
		{7AF2A660-8FBD-41F5-A2CF-5269879A1990}.Debug|Any CPU.ActiveCfg = Debug|Any CPU
		{7AF2A660-8FBD-41F5-A2CF-5269879A1990}.Debug|Any CPU.Build.0 = Debug|Any CPU
		{7AF2A660-8FBD-41F5-A2CF-5269879A1990}.Release|Any CPU.ActiveCfg = Release|Any CPU
		{7AF2A660-8FBD-41F5-A2CF-5269879A1990}.Release|Any CPU.Build.0 = Release|Any CPU
	EndGlobalSection
	GlobalSection(SolutionProperties) = preSolution
		HideSolutionNode = FALSE
	EndGlobalSection
	GlobalSection(ExtensibilityGlobals) = postSolution
		SolutionGuid = {E8A70884-C8F8-4C3B-B281-1FD735894968}
	EndGlobalSection
EndGlobal
